
Microsoft Visual Studio Solution File, Format Version 12.00
# Visual Studio Version 16
VisualStudioVersion = 16.0.33423.256
MinimumVisualStudioVersion = 10.0.40219.1
Project("{FAE04EC0-301F-11D3-BF4B-00C04F79EFBC}") = "exfixArrays01", "exfixArrays01\exfixArrays01.csproj", "{DAD0B66A-A314-4B61-82AB-7A4AD7358A2B}"
EndProject
Global
	GlobalSection(SolutionConfigurationPlatforms) = preSolution
		Debug|Any CPU = Debug|Any CPU
		Release|Any CPU = Release|Any CPU
	EndGlobalSection
	GlobalSection(ProjectConfigurationPlatforms) = postSolution
		{DAD0B66A-A314-4B61-82AB-7A4AD7358A2B}.Debug|Any CPU.ActiveCfg = Debug|Any CPU
		{DAD0B66A-A314-4B61-82AB-7A4AD7358A2B}.Debug|Any CPU.Build.0 = Debug|Any CPU
		{DAD0B66A-A314-4B61-82AB-7A4AD7358A2B}.Release|Any CPU.ActiveCfg = Release|Any CPU
		{DAD0B66A-A314-4B61-82AB-7A4AD7358A2B}.Release|Any CPU.Build.0 = Release|Any CPU
	EndGlobalSection
	GlobalSection(SolutionProperties) = preSolution
		HideSolutionNode = FALSE
	EndGlobalSection
	GlobalSection(ExtensibilityGlobals) = postSolution
		SolutionGuid = {B21BC808-C0CF-4D5E-A0A5-EADADA805103}
	EndGlobalSection
EndGlobal
