
Microsoft Visual Studio Solution File, Format Version 12.00
# Visual Studio Version 16
VisualStudioVersion = 16.0.33423.256
MinimumVisualStudioVersion = 10.0.40219.1
Project("{FAE04EC0-301F-11D3-BF4B-00C04F79EFBC}") = "exfixacaoOOP", "exfixacaoOOP\exfixacaoOOP.csproj", "{4C8A5AD7-93FD-489B-B364-CFDC4E199408}"
EndProject
Global
	GlobalSection(SolutionConfigurationPlatforms) = preSolution
		Debug|Any CPU = Debug|Any CPU
		Release|Any CPU = Release|Any CPU
	EndGlobalSection
	GlobalSection(ProjectConfigurationPlatforms) = postSolution
		{4C8A5AD7-93FD-489B-B364-CFDC4E199408}.Debug|Any CPU.ActiveCfg = Debug|Any CPU
		{4C8A5AD7-93FD-489B-B364-CFDC4E199408}.Debug|Any CPU.Build.0 = Debug|Any CPU
		{4C8A5AD7-93FD-489B-B364-CFDC4E199408}.Release|Any CPU.ActiveCfg = Release|Any CPU
		{4C8A5AD7-93FD-489B-B364-CFDC4E199408}.Release|Any CPU.Build.0 = Release|Any CPU
	EndGlobalSection
	GlobalSection(SolutionProperties) = preSolution
		HideSolutionNode = FALSE
	EndGlobalSection
	GlobalSection(ExtensibilityGlobals) = postSolution
		SolutionGuid = {19C9CCC1-5BC0-418E-899D-9DD665DBA5D9}
	EndGlobalSection
EndGlobal
