
Microsoft Visual Studio Solution File, Format Version 12.00
# Visual Studio Version 16
VisualStudioVersion = 16.0.33423.256
MinimumVisualStudioVersion = 10.0.40219.1
Project("{FAE04EC0-301F-11D3-BF4B-00C04F79EFBC}") = "aulaconstrutores", "aulaconstrutores\aulaconstrutores.csproj", "{9F4541C2-A92D-4B08-8020-051655A995EC}"
EndProject
Global
	GlobalSection(SolutionConfigurationPlatforms) = preSolution
		Debug|Any CPU = Debug|Any CPU
		Release|Any CPU = Release|Any CPU
	EndGlobalSection
	GlobalSection(ProjectConfigurationPlatforms) = postSolution
		{9F4541C2-A92D-4B08-8020-051655A995EC}.Debug|Any CPU.ActiveCfg = Debug|Any CPU
		{9F4541C2-A92D-4B08-8020-051655A995EC}.Debug|Any CPU.Build.0 = Debug|Any CPU
		{9F4541C2-A92D-4B08-8020-051655A995EC}.Release|Any CPU.ActiveCfg = Release|Any CPU
		{9F4541C2-A92D-4B08-8020-051655A995EC}.Release|Any CPU.Build.0 = Release|Any CPU
	EndGlobalSection
	GlobalSection(SolutionProperties) = preSolution
		HideSolutionNode = FALSE
	EndGlobalSection
	GlobalSection(ExtensibilityGlobals) = postSolution
		SolutionGuid = {C59C1057-E689-444D-B995-FA76985FA2A9}
	EndGlobalSection
EndGlobal
