
Microsoft Visual Studio Solution File, Format Version 12.00
# Visual Studio Version 16
VisualStudioVersion = 16.0.33423.256
MinimumVisualStudioVersion = 10.0.40219.1
Project("{FAE04EC0-301F-11D3-BF4B-00C04F79EFBC}") = "ex05condicionaisudemycsharp", "ex05condicionaisudemycsharp\ex05condicionaisudemycsharp.csproj", "{F330C3AF-14F2-4BBA-AB4E-856CC143978A}"
EndProject
Global
	GlobalSection(SolutionConfigurationPlatforms) = preSolution
		Debug|Any CPU = Debug|Any CPU
		Release|Any CPU = Release|Any CPU
	EndGlobalSection
	GlobalSection(ProjectConfigurationPlatforms) = postSolution
		{F330C3AF-14F2-4BBA-AB4E-856CC143978A}.Debug|Any CPU.ActiveCfg = Debug|Any CPU
		{F330C3AF-14F2-4BBA-AB4E-856CC143978A}.Debug|Any CPU.Build.0 = Debug|Any CPU
		{F330C3AF-14F2-4BBA-AB4E-856CC143978A}.Release|Any CPU.ActiveCfg = Release|Any CPU
		{F330C3AF-14F2-4BBA-AB4E-856CC143978A}.Release|Any CPU.Build.0 = Release|Any CPU
	EndGlobalSection
	GlobalSection(SolutionProperties) = preSolution
		HideSolutionNode = FALSE
	EndGlobalSection
	GlobalSection(ExtensibilityGlobals) = postSolution
		SolutionGuid = {DD259732-6381-41B1-93E2-36428CFA0DE2}
	EndGlobalSection
EndGlobal
