
Microsoft Visual Studio Solution File, Format Version 12.00
# Visual Studio Version 16
VisualStudioVersion = 16.0.33423.256
MinimumVisualStudioVersion = 10.0.40219.1
Project("{FAE04EC0-301F-11D3-BF4B-00C04F79EFBC}") = "aulaclassatribmethstatic", "aulaclassatribmethstatic\aulaclassatribmethstatic.csproj", "{74B4F6E5-D85B-4748-9BDA-B604A73FBC0C}"
EndProject
Global
	GlobalSection(SolutionConfigurationPlatforms) = preSolution
		Debug|Any CPU = Debug|Any CPU
		Release|Any CPU = Release|Any CPU
	EndGlobalSection
	GlobalSection(ProjectConfigurationPlatforms) = postSolution
		{74B4F6E5-D85B-4748-9BDA-B604A73FBC0C}.Debug|Any CPU.ActiveCfg = Debug|Any CPU
		{74B4F6E5-D85B-4748-9BDA-B604A73FBC0C}.Debug|Any CPU.Build.0 = Debug|Any CPU
		{74B4F6E5-D85B-4748-9BDA-B604A73FBC0C}.Release|Any CPU.ActiveCfg = Release|Any CPU
		{74B4F6E5-D85B-4748-9BDA-B604A73FBC0C}.Release|Any CPU.Build.0 = Release|Any CPU
	EndGlobalSection
	GlobalSection(SolutionProperties) = preSolution
		HideSolutionNode = FALSE
	EndGlobalSection
	GlobalSection(ExtensibilityGlobals) = postSolution
		SolutionGuid = {009EC555-7322-42BA-9534-2BEC55732241}
	EndGlobalSection
EndGlobal
