
Microsoft Visual Studio Solution File, Format Version 12.00
# Visual Studio Version 16
VisualStudioVersion = 16.0.33423.256
MinimumVisualStudioVersion = 10.0.40219.1
Project("{FAE04EC0-301F-11D3-BF4B-00C04F79EFBC}") = "ex03forudemycsharp", "ex03forudemycsharp\ex03forudemycsharp.csproj", "{BDA3C2CE-4EFC-4E2C-B3BD-9F55B4EE875E}"
EndProject
Global
	GlobalSection(SolutionConfigurationPlatforms) = preSolution
		Debug|Any CPU = Debug|Any CPU
		Release|Any CPU = Release|Any CPU
	EndGlobalSection
	GlobalSection(ProjectConfigurationPlatforms) = postSolution
		{BDA3C2CE-4EFC-4E2C-B3BD-9F55B4EE875E}.Debug|Any CPU.ActiveCfg = Debug|Any CPU
		{BDA3C2CE-4EFC-4E2C-B3BD-9F55B4EE875E}.Debug|Any CPU.Build.0 = Debug|Any CPU
		{BDA3C2CE-4EFC-4E2C-B3BD-9F55B4EE875E}.Release|Any CPU.ActiveCfg = Release|Any CPU
		{BDA3C2CE-4EFC-4E2C-B3BD-9F55B4EE875E}.Release|Any CPU.Build.0 = Release|Any CPU
	EndGlobalSection
	GlobalSection(SolutionProperties) = preSolution
		HideSolutionNode = FALSE
	EndGlobalSection
	GlobalSection(ExtensibilityGlobals) = postSolution
		SolutionGuid = {1630EE4B-1A60-4024-A322-F24FA07C686F}
	EndGlobalSection
EndGlobal
