
Microsoft Visual Studio Solution File, Format Version 12.00
# Visual Studio Version 16
VisualStudioVersion = 16.0.33423.256
MinimumVisualStudioVersion = 10.0.40219.1
Project("{FAE04EC0-301F-11D3-BF4B-00C04F79EFBC}") = "ex07forudemycsharp", "ex07forudemycsharp\ex07forudemycsharp.csproj", "{EB25B050-5CD6-48CD-8B3F-AE940F406A1A}"
EndProject
Global
	GlobalSection(SolutionConfigurationPlatforms) = preSolution
		Debug|Any CPU = Debug|Any CPU
		Release|Any CPU = Release|Any CPU
	EndGlobalSection
	GlobalSection(ProjectConfigurationPlatforms) = postSolution
		{EB25B050-5CD6-48CD-8B3F-AE940F406A1A}.Debug|Any CPU.ActiveCfg = Debug|Any CPU
		{EB25B050-5CD6-48CD-8B3F-AE940F406A1A}.Debug|Any CPU.Build.0 = Debug|Any CPU
		{EB25B050-5CD6-48CD-8B3F-AE940F406A1A}.Release|Any CPU.ActiveCfg = Release|Any CPU
		{EB25B050-5CD6-48CD-8B3F-AE940F406A1A}.Release|Any CPU.Build.0 = Release|Any CPU
	EndGlobalSection
	GlobalSection(SolutionProperties) = preSolution
		HideSolutionNode = FALSE
	EndGlobalSection
	GlobalSection(ExtensibilityGlobals) = postSolution
		SolutionGuid = {C59E620C-0578-4C7B-9536-172C7F72079C}
	EndGlobalSection
EndGlobal
