
Microsoft Visual Studio Solution File, Format Version 12.00
# Visual Studio Version 16
VisualStudioVersion = 16.0.33423.256
MinimumVisualStudioVersion = 10.0.40219.1
Project("{FAE04EC0-301F-11D3-BF4B-00C04F79EFBC}") = "aulaArrays02", "aulaArrays02\aulaArrays02.csproj", "{88DAB993-D89C-4BF5-998B-B0B7CF1B4789}"
EndProject
Global
	GlobalSection(SolutionConfigurationPlatforms) = preSolution
		Debug|Any CPU = Debug|Any CPU
		Release|Any CPU = Release|Any CPU
	EndGlobalSection
	GlobalSection(ProjectConfigurationPlatforms) = postSolution
		{88DAB993-D89C-4BF5-998B-B0B7CF1B4789}.Debug|Any CPU.ActiveCfg = Debug|Any CPU
		{88DAB993-D89C-4BF5-998B-B0B7CF1B4789}.Debug|Any CPU.Build.0 = Debug|Any CPU
		{88DAB993-D89C-4BF5-998B-B0B7CF1B4789}.Release|Any CPU.ActiveCfg = Release|Any CPU
		{88DAB993-D89C-4BF5-998B-B0B7CF1B4789}.Release|Any CPU.Build.0 = Release|Any CPU
	EndGlobalSection
	GlobalSection(SolutionProperties) = preSolution
		HideSolutionNode = FALSE
	EndGlobalSection
	GlobalSection(ExtensibilityGlobals) = postSolution
		SolutionGuid = {533249A6-C7F9-43A6-B701-6968641939F6}
	EndGlobalSection
EndGlobal
