
Microsoft Visual Studio Solution File, Format Version 12.00
# Visual Studio Version 16
VisualStudioVersion = 16.0.33423.256
MinimumVisualStudioVersion = 10.0.40219.1
Project("{FAE04EC0-301F-11D3-BF4B-00C04F79EFBC}") = "ex04forudemycsharp", "ex04forudemycsharp\ex04forudemycsharp.csproj", "{0BD59C35-5292-46BF-A19A-B9D179B4C97F}"
EndProject
Global
	GlobalSection(SolutionConfigurationPlatforms) = preSolution
		Debug|Any CPU = Debug|Any CPU
		Release|Any CPU = Release|Any CPU
	EndGlobalSection
	GlobalSection(ProjectConfigurationPlatforms) = postSolution
		{0BD59C35-5292-46BF-A19A-B9D179B4C97F}.Debug|Any CPU.ActiveCfg = Debug|Any CPU
		{0BD59C35-5292-46BF-A19A-B9D179B4C97F}.Debug|Any CPU.Build.0 = Debug|Any CPU
		{0BD59C35-5292-46BF-A19A-B9D179B4C97F}.Release|Any CPU.ActiveCfg = Release|Any CPU
		{0BD59C35-5292-46BF-A19A-B9D179B4C97F}.Release|Any CPU.Build.0 = Release|Any CPU
	EndGlobalSection
	GlobalSection(SolutionProperties) = preSolution
		HideSolutionNode = FALSE
	EndGlobalSection
	GlobalSection(ExtensibilityGlobals) = postSolution
		SolutionGuid = {B1106001-F7BB-4D5E-B750-B64AE621AD98}
	EndGlobalSection
EndGlobal
