
Microsoft Visual Studio Solution File, Format Version 12.00
# Visual Studio Version 16
VisualStudioVersion = 16.0.33423.256
MinimumVisualStudioVersion = 10.0.40219.1
Project("{FAE04EC0-301F-11D3-BF4B-00C04F79EFBC}") = "ex03classmethodudemycsharp", "ex03classmethodudemycsharp\ex03classmethodudemycsharp.csproj", "{61962733-EB02-4CD9-A05E-839DF7DE0009}"
EndProject
Global
	GlobalSection(SolutionConfigurationPlatforms) = preSolution
		Debug|Any CPU = Debug|Any CPU
		Release|Any CPU = Release|Any CPU
	EndGlobalSection
	GlobalSection(ProjectConfigurationPlatforms) = postSolution
		{61962733-EB02-4CD9-A05E-839DF7DE0009}.Debug|Any CPU.ActiveCfg = Debug|Any CPU
		{61962733-EB02-4CD9-A05E-839DF7DE0009}.Debug|Any CPU.Build.0 = Debug|Any CPU
		{61962733-EB02-4CD9-A05E-839DF7DE0009}.Release|Any CPU.ActiveCfg = Release|Any CPU
		{61962733-EB02-4CD9-A05E-839DF7DE0009}.Release|Any CPU.Build.0 = Release|Any CPU
	EndGlobalSection
	GlobalSection(SolutionProperties) = preSolution
		HideSolutionNode = FALSE
	EndGlobalSection
	GlobalSection(ExtensibilityGlobals) = postSolution
		SolutionGuid = {F78CACF3-922E-44CA-8B19-DE7BBA99A928}
	EndGlobalSection
EndGlobal
